# This file is automatically @generated by Wally.
# It is not intended for manual editing.
registry = "test"

[[package]]
name = "steviegoodman/oxide"
version = "1.0.0"
dependencies = []

[[package]]
name = "steviegoodman/waiter"
version = "1.0.0"
dependencies = [["Oxide", "steviegoodman/oxide@1.0.0"]]
